PODS:
  - ZXingObjC (3.6.5):
    - ZXingObjC/All (= 3.6.5)
  - ZXingObjC/All (3.6.5)

DEPENDENCIES:
  - ZXingObjC (from `https://github.com/zxingify/zxingify-objc.git`)

EXTERNAL SOURCES:
  ZXingObjC:
    :git: https://github.com/zxingify/zxingify-objc.git

CHECKOUT OPTIONS:
  ZXingObjC:
    :commit: e75eeff2089d66fc94514b43db3678a8812a9bbe
    :git: https://github.com/zxingify/zxingify-objc.git

SPEC CHECKSUMS:
  ZXingObjC: fdbb269f25dd2032da343e06f10224d62f537bdb

PODFILE CHECKSUM: 5fc94b70db8b5442c10ccb7a038d09d90ee5db4f

COCOAPODS: 1.10.1
